
Microsoft Visual Studio Solution File, Format Version 12.00
# Visual Studio Version 18
VisualStudioVersion = 18.3.11505.172
MinimumVisualStudioVersion = 10.0.40219.1
Project("{FAE04EC0-301F-11D3-BF4B-00C04F79EFBC}") = "ex1", "ex1\ex1.csproj", "{FE92A0DD-9C59-4347-9659-8D45FBE10AB4}"
EndProject
Project("{FAE04EC0-301F-11D3-BF4B-00C04F79EFBC}") = "ex2", "ex2\ex2.csproj", "{42674537-FC05-422E-B8B0-583A9A6CD9C8}"
EndProject
Project("{FAE04EC0-301F-11D3-BF4B-00C04F79EFBC}") = "ex3", "ex3\ex3.csproj", "{66EFED56-C787-4A58-9348-FEBDC9CA2C6D}"
EndProject
Project("{FAE04EC0-301F-11D3-BF4B-00C04F79EFBC}") = "ex4", "ex4\ex4.csproj", "{08926197-9583-41AB-9F26-9D9E6B4CA78E}"
EndProject
Project("{FAE04EC0-301F-11D3-BF4B-00C04F79EFBC}") = "CalcularSerie", "CalcularSerie\CalcularSerie.csproj", "{AA17BD86-19B7-4934-8F7F-54FCF6672091}"
EndProject
Project("{FAE04EC0-301F-11D3-BF4B-00C04F79EFBC}") = "Somatorio", "Somatorio\Somatorio.csproj", "{EAD8ACCB-FE69-40F6-98DE-E5E44FBB6DCF}"
EndProject
Project("{FAE04EC0-301F-11D3-BF4B-00C04F79EFBC}") = "Fatorial", "Fatorial\Fatorial.csproj", "{5005DD28-3C67-4750-9A67-D3E7EFF00952}"
EndProject
Project("{FAE04EC0-301F-11D3-BF4B-00C04F79EFBC}") = "SomaCubos", "SomaCubos\SomaCubos.csproj", "{51D47824-4FEA-4E6F-A0EA-4341B7D9204C}"
EndProject
Global
	GlobalSection(SolutionConfigurationPlatforms) = preSolution
		Debug|Any CPU = Debug|Any CPU
		Release|Any CPU = Release|Any CPU
	EndGlobalSection
	GlobalSection(ProjectConfigurationPlatforms) = postSolution
		{FE92A0DD-9C59-4347-9659-8D45FBE10AB4}.Debug|Any CPU.ActiveCfg = Debug|Any CPU
		{FE92A0DD-9C59-4347-9659-8D45FBE10AB4}.Debug|Any CPU.Build.0 = Debug|Any CPU
		{FE92A0DD-9C59-4347-9659-8D45FBE10AB4}.Release|Any CPU.ActiveCfg = Release|Any CPU
		{FE92A0DD-9C59-4347-9659-8D45FBE10AB4}.Release|Any CPU.Build.0 = Release|Any CPU
		{42674537-FC05-422E-B8B0-583A9A6CD9C8}.Debug|Any CPU.ActiveCfg = Debug|Any CPU
		{42674537-FC05-422E-B8B0-583A9A6CD9C8}.Debug|Any CPU.Build.0 = Debug|Any CPU
		{42674537-FC05-422E-B8B0-583A9A6CD9C8}.Release|Any CPU.ActiveCfg = Release|Any CPU
		{42674537-FC05-422E-B8B0-583A9A6CD9C8}.Release|Any CPU.Build.0 = Release|Any CPU
		{66EFED56-C787-4A58-9348-FEBDC9CA2C6D}.Debug|Any CPU.ActiveCfg = Debug|Any CPU
		{66EFED56-C787-4A58-9348-FEBDC9CA2C6D}.Debug|Any CPU.Build.0 = Debug|Any CPU
		{66EFED56-C787-4A58-9348-FEBDC9CA2C6D}.Release|Any CPU.ActiveCfg = Release|Any CPU
		{66EFED56-C787-4A58-9348-FEBDC9CA2C6D}.Release|Any CPU.Build.0 = Release|Any CPU
		{08926197-9583-41AB-9F26-9D9E6B4CA78E}.Debug|Any CPU.ActiveCfg = Debug|Any CPU
		{08926197-9583-41AB-9F26-9D9E6B4CA78E}.Debug|Any CPU.Build.0 = Debug|Any CPU
		{08926197-9583-41AB-9F26-9D9E6B4CA78E}.Release|Any CPU.ActiveCfg = Release|Any CPU
		{08926197-9583-41AB-9F26-9D9E6B4CA78E}.Release|Any CPU.Build.0 = Release|Any CPU
		{AA17BD86-19B7-4934-8F7F-54FCF6672091}.Debug|Any CPU.ActiveCfg = Debug|Any CPU
		{AA17BD86-19B7-4934-8F7F-54FCF6672091}.Debug|Any CPU.Build.0 = Debug|Any CPU
		{AA17BD86-19B7-4934-8F7F-54FCF6672091}.Release|Any CPU.ActiveCfg = Release|Any CPU
		{AA17BD86-19B7-4934-8F7F-54FCF6672091}.Release|Any CPU.Build.0 = Release|Any CPU
		{EAD8ACCB-FE69-40F6-98DE-E5E44FBB6DCF}.Debug|Any CPU.ActiveCfg = Debug|Any CPU
		{EAD8ACCB-FE69-40F6-98DE-E5E44FBB6DCF}.Debug|Any CPU.Build.0 = Debug|Any CPU
		{EAD8ACCB-FE69-40F6-98DE-E5E44FBB6DCF}.Release|Any CPU.ActiveCfg = Release|Any CPU
		{EAD8ACCB-FE69-40F6-98DE-E5E44FBB6DCF}.Release|Any CPU.Build.0 = Release|Any CPU
		{5005DD28-3C67-4750-9A67-D3E7EFF00952}.Debug|Any CPU.ActiveCfg = Debug|Any CPU
		{5005DD28-3C67-4750-9A67-D3E7EFF00952}.Debug|Any CPU.Build.0 = Debug|Any CPU
		{5005DD28-3C67-4750-9A67-D3E7EFF00952}.Release|Any CPU.ActiveCfg = Release|Any CPU
		{5005DD28-3C67-4750-9A67-D3E7EFF00952}.Release|Any CPU.Build.0 = Release|Any CPU
		{51D47824-4FEA-4E6F-A0EA-4341B7D9204C}.Debug|Any CPU.ActiveCfg = Debug|Any CPU
		{51D47824-4FEA-4E6F-A0EA-4341B7D9204C}.Debug|Any CPU.Build.0 = Debug|Any CPU
		{51D47824-4FEA-4E6F-A0EA-4341B7D9204C}.Release|Any CPU.ActiveCfg = Release|Any CPU
		{51D47824-4FEA-4E6F-A0EA-4341B7D9204C}.Release|Any CPU.Build.0 = Release|Any CPU
	EndGlobalSection
	GlobalSection(SolutionProperties) = preSolution
		HideSolutionNode = FALSE
	EndGlobalSection
	GlobalSection(ExtensibilityGlobals) = postSolution
		SolutionGuid = {27F8B756-18B9-44EC-A5D0-68735A94DCF8}
	EndGlobalSection
EndGlobal
