
Microsoft Visual Studio Solution File, Format Version 12.00
# Visual Studio Version 17
VisualStudioVersion = 17.14.36401.2
MinimumVisualStudioVersion = 10.0.40219.1
Project("{FAE04EC0-301F-11D3-BF4B-00C04F79EFBC}") = "ex1", "ex1\ex1.csproj", "{275E8348-8271-496A-A730-175DF71BC190}"
EndProject
Project("{FAE04EC0-301F-11D3-BF4B-00C04F79EFBC}") = "ex3", "ex3\ex3.csproj", "{F621C34C-70E9-472E-B0BC-DED7B29D1599}"
EndProject
Global
	GlobalSection(SolutionConfigurationPlatforms) = preSolution
		Debug|Any CPU = Debug|Any CPU
		Release|Any CPU = Release|Any CPU
	EndGlobalSection
	GlobalSection(ProjectConfigurationPlatforms) = postSolution
		{275E8348-8271-496A-A730-175DF71BC190}.Debug|Any CPU.ActiveCfg = Debug|Any CPU
		{275E8348-8271-496A-A730-175DF71BC190}.Debug|Any CPU.Build.0 = Debug|Any CPU
		{275E8348-8271-496A-A730-175DF71BC190}.Release|Any CPU.ActiveCfg = Release|Any CPU
		{275E8348-8271-496A-A730-175DF71BC190}.Release|Any CPU.Build.0 = Release|Any CPU
		{F621C34C-70E9-472E-B0BC-DED7B29D1599}.Debug|Any CPU.ActiveCfg = Debug|Any CPU
		{F621C34C-70E9-472E-B0BC-DED7B29D1599}.Debug|Any CPU.Build.0 = Debug|Any CPU
		{F621C34C-70E9-472E-B0BC-DED7B29D1599}.Release|Any CPU.ActiveCfg = Release|Any CPU
		{F621C34C-70E9-472E-B0BC-DED7B29D1599}.Release|Any CPU.Build.0 = Release|Any CPU
	EndGlobalSection
	GlobalSection(SolutionProperties) = preSolution
		HideSolutionNode = FALSE
	EndGlobalSection
	GlobalSection(ExtensibilityGlobals) = postSolution
		SolutionGuid = {96094E69-7ECF-4F45-AE49-A75AD1444B3A}
	EndGlobalSection
EndGlobal
